
Microsoft Visual Studio Solution File, Format Version 12.00
# Visual Studio Version 17
VisualStudioVersion = 17.7.34221.43
MinimumVisualStudioVersion = 10.0.40219.1
Project("{FAE04EC0-301F-11D3-BF4B-00C04F79EFBC}") = "102214211", "102214211\102214211.csproj", "{7ED4B700-D540-4D34-8D7A-D42FD14CD6D9}"
EndProject
Global
	GlobalSection(SolutionConfigurationPlatforms) = preSolution
		Debug|Any CPU = Debug|Any CPU
		Release|Any CPU = Release|Any CPU
	EndGlobalSection
	GlobalSection(ProjectConfigurationPlatforms) = postSolution
		{7ED4B700-D540-4D34-8D7A-D42FD14CD6D9}.Debug|Any CPU.ActiveCfg = Debug|Any CPU
		{7ED4B700-D540-4D34-8D7A-D42FD14CD6D9}.Debug|Any CPU.Build.0 = Debug|Any CPU
		{7ED4B700-D540-4D34-8D7A-D42FD14CD6D9}.Release|Any CPU.ActiveCfg = Release|Any CPU
		{7ED4B700-D540-4D34-8D7A-D42FD14CD6D9}.Release|Any CPU.Build.0 = Release|Any CPU
	EndGlobalSection
	GlobalSection(SolutionProperties) = preSolution
		HideSolutionNode = FALSE
	EndGlobalSection
	GlobalSection(ExtensibilityGlobals) = postSolution
		SolutionGuid = {E21810E1-D216-44EB-9CF0-F08DFD560DAA}
	EndGlobalSection
EndGlobal
